
Microsoft Visual Studio Solution File, Format Version 12.00
# Visual Studio Version 17
VisualStudioVersion = 17.10.35004.147
MinimumVisualStudioVersion = 10.0.40219.1
Project("{2150E333-8FDC-42A3-9474-1A3956D46DE8}") = "FrontEnd", "FrontEnd", "{06FDBC7B-F395-4315-8CE3-EE44F98B91E2}"
EndProject
Project("{2150E333-8FDC-42A3-9474-1A3956D46DE8}") = "Gateway", "Gateway", "{83BC45DF-CC05-4223-AC4E-2BDF05B7B571}"
EndProject
Project("{2150E333-8FDC-42A3-9474-1A3956D46DE8}") = "Integration", "Integration", "{5B8EC375-2CAF-4ACA-8603-87C6B4360DB7}"
EndProject
Project("{2150E333-8FDC-42A3-9474-1A3956D46DE8}") = "Services", "Services", "{A4E1D514-9EBB-4E03-A6F4-154FB042442F}"
EndProject
Project("{9A19103F-16F7-4668-BE54-9A1E7A4F7556}") = "Mango.Services.Coupon.API", "Mango.Services.Coupon.API\Mango.Services.Coupon.API.csproj", "{D3B911FE-DAE6-4B87-A1A3-A948260A05D8}"
EndProject
Project("{9A19103F-16F7-4668-BE54-9A1E7A4F7556}") = "Mango.Web", "Mango.Web\Mango.Web.csproj", "{348997FA-FCCC-4566-B30F-7CE89588D58C}"
EndProject
Project("{9A19103F-16F7-4668-BE54-9A1E7A4F7556}") = "Mango.Auth.API", "Mango.Auth.API\Mango.Auth.API.csproj", "{58B74FB0-C4E8-42E5-AE6B-9B2C9496026B}"
EndProject
Project("{FAE04EC0-301F-11D3-BF4B-00C04F79EFBC}") = "Mango.Services.Products.API", "Mango.Services.Product.API\Mango.Services.Products.API.csproj", "{13055028-48E4-458A-B6BA-CB105C7F389D}"
EndProject
Project("{FAE04EC0-301F-11D3-BF4B-00C04F79EFBC}") = "Mango.Services.ShoppingCart.API", "Mango.Services.ShoppingCart.API\Mango.Services.ShoppingCart.API.csproj", "{B27A6C61-3512-488F-AC88-06357AFED56C}"
EndProject
Project("{FAE04EC0-301F-11D3-BF4B-00C04F79EFBC}") = "AzureServiceBus", "AzureServiceBus\AzureServiceBus.csproj", "{F6C4326E-81F3-4583-971F-3670D3BB5BB6}"
EndProject
Project("{FAE04EC0-301F-11D3-BF4B-00C04F79EFBC}") = "Mango.Services.Email.API", "Mango.Services.Email.API\Mango.Services.Email.API.csproj", "{07C4761F-28EC-4ABE-8D57-DEBA50A6F09B}"
EndProject
Project("{FAE04EC0-301F-11D3-BF4B-00C04F79EFBC}") = "Mango.Services.Order.API", "Mango.Services.Order.API\Mango.Services.Order.API.csproj", "{54AD74EA-78FD-4302-B6BB-91BE16EE492F}"
EndProject
Project("{FAE04EC0-301F-11D3-BF4B-00C04F79EFBC}") = "Mango.Services.Reward.API", "Mango.Services.Reward.API\Mango.Services.Reward.API.csproj", "{E36DDC0D-7324-4A50-B349-A3023930EFB8}"
EndProject
Project("{FAE04EC0-301F-11D3-BF4B-00C04F79EFBC}") = "Mango.GatewaySolution", "Mango.GatewaySolution\Mango.GatewaySolution.csproj", "{8346FD00-EEEF-45E4-AD68-AE1E66979954}"
EndProject
Global
	GlobalSection(SolutionConfigurationPlatforms) = preSolution
		Debug|Any CPU = Debug|Any CPU
		Release|Any CPU = Release|Any CPU
	EndGlobalSection
	GlobalSection(ProjectConfigurationPlatforms) = postSolution
		{D3B911FE-DAE6-4B87-A1A3-A948260A05D8}.Debug|Any CPU.ActiveCfg = Debug|Any CPU
		{D3B911FE-DAE6-4B87-A1A3-A948260A05D8}.Debug|Any CPU.Build.0 = Debug|Any CPU
		{D3B911FE-DAE6-4B87-A1A3-A948260A05D8}.Release|Any CPU.ActiveCfg = Release|Any CPU
		{D3B911FE-DAE6-4B87-A1A3-A948260A05D8}.Release|Any CPU.Build.0 = Release|Any CPU
		{348997FA-FCCC-4566-B30F-7CE89588D58C}.Debug|Any CPU.ActiveCfg = Debug|Any CPU
		{348997FA-FCCC-4566-B30F-7CE89588D58C}.Debug|Any CPU.Build.0 = Debug|Any CPU
		{348997FA-FCCC-4566-B30F-7CE89588D58C}.Release|Any CPU.ActiveCfg = Release|Any CPU
		{348997FA-FCCC-4566-B30F-7CE89588D58C}.Release|Any CPU.Build.0 = Release|Any CPU
		{58B74FB0-C4E8-42E5-AE6B-9B2C9496026B}.Debug|Any CPU.ActiveCfg = Debug|Any CPU
		{58B74FB0-C4E8-42E5-AE6B-9B2C9496026B}.Debug|Any CPU.Build.0 = Debug|Any CPU
		{58B74FB0-C4E8-42E5-AE6B-9B2C9496026B}.Release|Any CPU.ActiveCfg = Release|Any CPU
		{58B74FB0-C4E8-42E5-AE6B-9B2C9496026B}.Release|Any CPU.Build.0 = Release|Any CPU
		{13055028-48E4-458A-B6BA-CB105C7F389D}.Debug|Any CPU.ActiveCfg = Debug|Any CPU
		{13055028-48E4-458A-B6BA-CB105C7F389D}.Debug|Any CPU.Build.0 = Debug|Any CPU
		{13055028-48E4-458A-B6BA-CB105C7F389D}.Release|Any CPU.ActiveCfg = Release|Any CPU
		{13055028-48E4-458A-B6BA-CB105C7F389D}.Release|Any CPU.Build.0 = Release|Any CPU
		{B27A6C61-3512-488F-AC88-06357AFED56C}.Debug|Any CPU.ActiveCfg = Debug|Any CPU
		{B27A6C61-3512-488F-AC88-06357AFED56C}.Debug|Any CPU.Build.0 = Debug|Any CPU
		{B27A6C61-3512-488F-AC88-06357AFED56C}.Release|Any CPU.ActiveCfg = Release|Any CPU
		{B27A6C61-3512-488F-AC88-06357AFED56C}.Release|Any CPU.Build.0 = Release|Any CPU
		{F6C4326E-81F3-4583-971F-3670D3BB5BB6}.Debug|Any CPU.ActiveCfg = Debug|Any CPU
		{F6C4326E-81F3-4583-971F-3670D3BB5BB6}.Debug|Any CPU.Build.0 = Debug|Any CPU
		{F6C4326E-81F3-4583-971F-3670D3BB5BB6}.Release|Any CPU.ActiveCfg = Release|Any CPU
		{F6C4326E-81F3-4583-971F-3670D3BB5BB6}.Release|Any CPU.Build.0 = Release|Any CPU
		{07C4761F-28EC-4ABE-8D57-DEBA50A6F09B}.Debug|Any CPU.ActiveCfg = Debug|Any CPU
		{07C4761F-28EC-4ABE-8D57-DEBA50A6F09B}.Debug|Any CPU.Build.0 = Debug|Any CPU
		{07C4761F-28EC-4ABE-8D57-DEBA50A6F09B}.Release|Any CPU.ActiveCfg = Release|Any CPU
		{07C4761F-28EC-4ABE-8D57-DEBA50A6F09B}.Release|Any CPU.Build.0 = Release|Any CPU
		{54AD74EA-78FD-4302-B6BB-91BE16EE492F}.Debug|Any CPU.ActiveCfg = Debug|Any CPU
		{54AD74EA-78FD-4302-B6BB-91BE16EE492F}.Debug|Any CPU.Build.0 = Debug|Any CPU
		{54AD74EA-78FD-4302-B6BB-91BE16EE492F}.Release|Any CPU.ActiveCfg = Release|Any CPU
		{54AD74EA-78FD-4302-B6BB-91BE16EE492F}.Release|Any CPU.Build.0 = Release|Any CPU
		{E36DDC0D-7324-4A50-B349-A3023930EFB8}.Debug|Any CPU.ActiveCfg = Debug|Any CPU
		{E36DDC0D-7324-4A50-B349-A3023930EFB8}.Debug|Any CPU.Build.0 = Debug|Any CPU
		{E36DDC0D-7324-4A50-B349-A3023930EFB8}.Release|Any CPU.ActiveCfg = Release|Any CPU
		{E36DDC0D-7324-4A50-B349-A3023930EFB8}.Release|Any CPU.Build.0 = Release|Any CPU
		{8346FD00-EEEF-45E4-AD68-AE1E66979954}.Debug|Any CPU.ActiveCfg = Debug|Any CPU
		{8346FD00-EEEF-45E4-AD68-AE1E66979954}.Debug|Any CPU.Build.0 = Debug|Any CPU
		{8346FD00-EEEF-45E4-AD68-AE1E66979954}.Release|Any CPU.ActiveCfg = Release|Any CPU
		{8346FD00-EEEF-45E4-AD68-AE1E66979954}.Release|Any CPU.Build.0 = Release|Any CPU
	EndGlobalSection
	GlobalSection(SolutionProperties) = preSolution
		HideSolutionNode = FALSE
	EndGlobalSection
	GlobalSection(NestedProjects) = preSolution
		{D3B911FE-DAE6-4B87-A1A3-A948260A05D8} = {A4E1D514-9EBB-4E03-A6F4-154FB042442F}
		{348997FA-FCCC-4566-B30F-7CE89588D58C} = {06FDBC7B-F395-4315-8CE3-EE44F98B91E2}
		{58B74FB0-C4E8-42E5-AE6B-9B2C9496026B} = {A4E1D514-9EBB-4E03-A6F4-154FB042442F}
		{13055028-48E4-458A-B6BA-CB105C7F389D} = {A4E1D514-9EBB-4E03-A6F4-154FB042442F}
		{B27A6C61-3512-488F-AC88-06357AFED56C} = {A4E1D514-9EBB-4E03-A6F4-154FB042442F}
		{F6C4326E-81F3-4583-971F-3670D3BB5BB6} = {5B8EC375-2CAF-4ACA-8603-87C6B4360DB7}
		{07C4761F-28EC-4ABE-8D57-DEBA50A6F09B} = {A4E1D514-9EBB-4E03-A6F4-154FB042442F}
		{54AD74EA-78FD-4302-B6BB-91BE16EE492F} = {A4E1D514-9EBB-4E03-A6F4-154FB042442F}
		{E36DDC0D-7324-4A50-B349-A3023930EFB8} = {A4E1D514-9EBB-4E03-A6F4-154FB042442F}
		{8346FD00-EEEF-45E4-AD68-AE1E66979954} = {83BC45DF-CC05-4223-AC4E-2BDF05B7B571}
	EndGlobalSection
	GlobalSection(ExtensibilityGlobals) = postSolution
		SolutionGuid = {4F677648-BDCD-436B-B252-8CF44ABB2A9E}
	EndGlobalSection
EndGlobal
